
Microsoft Visual Studio Solution File, Format Version 12.00
# Visual Studio Version 16
VisualStudioVersion = 16.0.29306.81
MinimumVisualStudioVersion = 10.0.40219.1
Project("{9A19103F-16F7-4668-BE54-9A1E7A4F7556}") = "masterclass", "masterclass\masterclass.csproj", "{618D3F93-837D-47C2-BBFD-2E77E21D00A6}"
EndProject
Project("{9A19103F-16F7-4668-BE54-9A1E7A4F7556}") = "TicTacToe", "TicTacToe\TicTacToe.csproj", "{A0933F48-B893-4E57-AE94-3BA9737CEDDE}"
EndProject
Project("{9A19103F-16F7-4668-BE54-9A1E7A4F7556}") = "InheritanceApp", "InheritanceApp\InheritanceApp.csproj", "{2963C3E8-C2FC-4552-80D8-CC2FD6A0A718}"
EndProject
Project("{9A19103F-16F7-4668-BE54-9A1E7A4F7556}") = "employes", "employes\employes.csproj", "{5BE41343-DB27-4F5D-A241-1D0B3C221C7B}"
EndProject
Project("{FAE04EC0-301F-11D3-BF4B-00C04F79EFBC}") = "Interfaces", "Interfaces\Interfaces.csproj", "{DC458F51-9012-46C6-9EFF-D3D85A1868DB}"
EndProject
Global
	GlobalSection(SolutionConfigurationPlatforms) = preSolution
		Debug|Any CPU = Debug|Any CPU
		Release|Any CPU = Release|Any CPU
	EndGlobalSection
	GlobalSection(ProjectConfigurationPlatforms) = postSolution
		{618D3F93-837D-47C2-BBFD-2E77E21D00A6}.Debug|Any CPU.ActiveCfg = Debug|Any CPU
		{618D3F93-837D-47C2-BBFD-2E77E21D00A6}.Debug|Any CPU.Build.0 = Debug|Any CPU
		{618D3F93-837D-47C2-BBFD-2E77E21D00A6}.Release|Any CPU.ActiveCfg = Release|Any CPU
		{618D3F93-837D-47C2-BBFD-2E77E21D00A6}.Release|Any CPU.Build.0 = Release|Any CPU
		{A0933F48-B893-4E57-AE94-3BA9737CEDDE}.Debug|Any CPU.ActiveCfg = Debug|Any CPU
		{A0933F48-B893-4E57-AE94-3BA9737CEDDE}.Debug|Any CPU.Build.0 = Debug|Any CPU
		{A0933F48-B893-4E57-AE94-3BA9737CEDDE}.Release|Any CPU.ActiveCfg = Release|Any CPU
		{A0933F48-B893-4E57-AE94-3BA9737CEDDE}.Release|Any CPU.Build.0 = Release|Any CPU
		{2963C3E8-C2FC-4552-80D8-CC2FD6A0A718}.Debug|Any CPU.ActiveCfg = Debug|Any CPU
		{2963C3E8-C2FC-4552-80D8-CC2FD6A0A718}.Debug|Any CPU.Build.0 = Debug|Any CPU
		{2963C3E8-C2FC-4552-80D8-CC2FD6A0A718}.Release|Any CPU.ActiveCfg = Release|Any CPU
		{2963C3E8-C2FC-4552-80D8-CC2FD6A0A718}.Release|Any CPU.Build.0 = Release|Any CPU
		{5BE41343-DB27-4F5D-A241-1D0B3C221C7B}.Debug|Any CPU.ActiveCfg = Debug|Any CPU
		{5BE41343-DB27-4F5D-A241-1D0B3C221C7B}.Debug|Any CPU.Build.0 = Debug|Any CPU
		{5BE41343-DB27-4F5D-A241-1D0B3C221C7B}.Release|Any CPU.ActiveCfg = Release|Any CPU
		{5BE41343-DB27-4F5D-A241-1D0B3C221C7B}.Release|Any CPU.Build.0 = Release|Any CPU
		{DC458F51-9012-46C6-9EFF-D3D85A1868DB}.Debug|Any CPU.ActiveCfg = Debug|Any CPU
		{DC458F51-9012-46C6-9EFF-D3D85A1868DB}.Debug|Any CPU.Build.0 = Debug|Any CPU
		{DC458F51-9012-46C6-9EFF-D3D85A1868DB}.Release|Any CPU.ActiveCfg = Release|Any CPU
		{DC458F51-9012-46C6-9EFF-D3D85A1868DB}.Release|Any CPU.Build.0 = Release|Any CPU
	EndGlobalSection
	GlobalSection(SolutionProperties) = preSolution
		HideSolutionNode = FALSE
	EndGlobalSection
	GlobalSection(ExtensibilityGlobals) = postSolution
		SolutionGuid = {28861283-5917-4933-AA82-1451BDA092C8}
	EndGlobalSection
EndGlobal
